// !$*UTF8*$!
{
	archiveVersion = 1;
	classes = {
	};
	objectVersion = 48;
	objects = {

/* Begin PBXBuildFile section */
		2F3D42B120712FD400FBBDE7 /* GraphAxisLabelFormatter.swift in Sources */ = {isa = PBXBuildFile; fileRef = 2F3D42B020712FD400FBBDE7 /* GraphAxisLabelFormatter.swift */; };
		2F3F1ADE206EBDFE00467673 /* AppDelegate.swift in Sources */ = {isa = PBXBuildFile; fileRef = 2F3F1ADD206EBDFE00467673 /* AppDelegate.swift */; };
		2F3F1AE0206EBDFE00467673 /* ViewController.swift in Sources */ = {isa = PBXBuildFile; fileRef = 2F3F1ADF206EBDFE00467673 /* ViewController.swift */; };
		2F3F1AE3206EBDFE00467673 /* Main.storyboard in Resources */ = {isa = PBXBuildFile; fileRef = 2F3F1AE1206EBDFE00467673 /* Main.storyboard */; };
		2F3F1AE5206EBDFE00467673 /* Assets.xcassets in Resources */ = {isa = PBXBuildFile; fileRef = 2F3F1AE4206EBDFE00467673 /* Assets.xcassets */; };
		2F3F1AE8206EBDFE00467673 /* LaunchScreen.storyboard in Resources */ = {isa = PBXBuildFile; fileRef = 2F3F1AE6206EBDFE00467673 /* LaunchScreen.storyboard */; };
		2F3F1AF3206EBDFE00467673 /* InteractiveExampleTests.swift in Sources */ = {isa = PBXBuildFile; fileRef = 2F3F1AF2206EBDFE00467673 /* InteractiveExampleTests.swift */; };
		2F4E3AC02076B08A009C5BC1 /* PlantsCollectionViewCell.swift in Sources */ = {isa = PBXBuildFile; fileRef = 2F4E3ABF2076B08A009C5BC1 /* PlantsCollectionViewCell.swift */; };
		2F515DC1206FBA2D004CD0B1 /* UIViewExtension.swift in Sources */ = {isa = PBXBuildFile; fileRef = 2F515DC0206FBA2D004CD0B1 /* UIViewExtension.swift */; };
		2F515DC520712236004CD0B1 /* Charts.framework in Frameworks */ = {isa = PBXBuildFile; fileRef = 2F515DC420712236004CD0B1 /* Charts.framework */; };
/* End PBXBuildFile section */

/* Begin PBXContainerItemProxy section */
		2F3F1AEF206EBDFE00467673 /* PBXContainerItemProxy */ = {
			isa = PBXContainerItemProxy;
			containerPortal = 2F3F1AD2206EBDFE00467673 /* Project object */;
			proxyType = 1;
			remoteGlobalIDString = 2F3F1AD9206EBDFE00467673;
			remoteInfo = InteractiveExample;
		};
/* End PBXContainerItemProxy section */

/* Begin PBXFileReference section */
		2F3D42B020712FD400FBBDE7 /* GraphAxisLabelFormatter.swift */ = {isa = PBXFileReference; lastKnownFileType = sourcecode.swift; path = GraphAxisLabelFormatter.swift; sourceTree = "<group>"; };
		2F3F1ADA206EBDFE00467673 /* InteractiveExample.app */ = {isa = PBXFileReference; explicitFileType = wrapper.application; includeInIndex = 0; path = InteractiveExample.app; sourceTree = BUILT_PRODUCTS_DIR; };
		2F3F1ADD206EBDFE00467673 /* AppDelegate.swift */ = {isa = PBXFileReference; lastKnownFileType = sourcecode.swift; path = AppDelegate.swift; sourceTree = "<group>"; };
		2F3F1ADF206EBDFE00467673 /* ViewController.swift */ = {isa = PBXFileReference; lastKnownFileType = sourcecode.swift; path = ViewController.swift; sourceTree = "<group>"; };
		2F3F1AE2206EBDFE00467673 /* Base */ = {isa = PBXFileReference; lastKnownFileType = file.storyboard; name = Base; path = Base.lproj/Main.storyboard; sourceTree = "<group>"; };
		2F3F1AE4206EBDFE00467673 /* Assets.xcassets */ = {isa = PBXFileReference; lastKnownFileType = folder.assetcatalog; path = Assets.xcassets; sourceTree = "<group>"; };
		2F3F1AE7206EBDFE00467673 /* Base */ = {isa = PBXFileReference; lastKnownFileType = file.storyboard; name = Base; path = Base.lproj/LaunchScreen.storyboard; sourceTree = "<group>"; };
		2F3F1AE9206EBDFE00467673 /* Info.plist */ = {isa = PBXFileReference; lastKnownFileType = text.plist.xml; path = Info.plist; sourceTree = "<group>"; };
		2F3F1AEE206EBDFE00467673 /* InteractiveExampleTests.xctest */ = {isa = PBXFileReference; explicitFileType = wrapper.cfbundle; includeInIndex = 0; path = InteractiveExampleTests.xctest; sourceTree = BUILT_PRODUCTS_DIR; };
		2F3F1AF2206EBDFE00467673 /* InteractiveExampleTests.swift */ = {isa = PBXFileReference; lastKnownFileType = sourcecode.swift; path = InteractiveExampleTests.swift; sourceTree = "<group>"; };
		2F3F1AF4206EBDFE00467673 /* Info.plist */ = {isa = PBXFileReference; lastKnownFileType = text.plist.xml; path = Info.plist; sourceTree = "<group>"; };
		2F4E3ABF2076B08A009C5BC1 /* PlantsCollectionViewCell.swift */ = {isa = PBXFileReference; lastKnownFileType = sourcecode.swift; path = PlantsCollectionViewCell.swift; sourceTree = "<group>"; };
		2F515DC0206FBA2D004CD0B1 /* UIViewExtension.swift */ = {isa = PBXFileReference; lastKnownFileType = sourcecode.swift; path = UIViewExtension.swift; sourceTree = "<group>"; };
		2F515DC420712236004CD0B1 /* Charts.framework */ = {isa = PBXFileReference; lastKnownFileType = wrapper.framework; name = Charts.framework; path = Carthage/Build/iOS/Charts.framework; sourceTree = "<group>"; };
/* End PBXFileReference section */

/* Begin PBXFrameworksBuildPhase section */
		2F3F1AD7206EBDFE00467673 /* Frameworks */ = {
			isa = PBXFrameworksBuildPhase;
			buildActionMask = 2147483647;
			files = (
				2F515DC520712236004CD0B1 /* Charts.framework in Frameworks */,
			);
			runOnlyForDeploymentPostprocessing = 0;
		};
		2F3F1AEB206EBDFE00467673 /* Frameworks */ = {
			isa = PBXFrameworksBuildPhase;
			buildActionMask = 2147483647;
			files = (
			);
			runOnlyForDeploymentPostprocessing = 0;
		};
/* End PBXFrameworksBuildPhase section */

/* Begin PBXGroup section */
		2F3F1AD1206EBDFE00467673 = {
			isa = PBXGroup;
			children = (
				2F3F1ADC206EBDFE00467673 /* InteractiveExample */,
				2F3F1AF1206EBDFE00467673 /* InteractiveExampleTests */,
				2F3F1ADB206EBDFE00467673 /* Products */,
				2F515DC320712236004CD0B1 /* Frameworks */,
			);
			sourceTree = "<group>";
		};
		2F3F1ADB206EBDFE00467673 /* Products */ = {
			isa = PBXGroup;
			children = (
				2F3F1ADA206EBDFE00467673 /* InteractiveExample.app */,
				2F3F1AEE206EBDFE00467673 /* InteractiveExampleTests.xctest */,
			);
			name = Products;
			sourceTree = "<group>";
		};
		2F3F1ADC206EBDFE00467673 /* InteractiveExample */ = {
			isa = PBXGroup;
			children = (
				2F3F1ADD206EBDFE00467673 /* AppDelegate.swift */,
				2F3D42B020712FD400FBBDE7 /* GraphAxisLabelFormatter.swift */,
				2F4E3ABF2076B08A009C5BC1 /* PlantsCollectionViewCell.swift */,
				2F515DC0206FBA2D004CD0B1 /* UIViewExtension.swift */,
				2F3F1ADF206EBDFE00467673 /* ViewController.swift */,
				2F3F1AE1206EBDFE00467673 /* Main.storyboard */,
				2F3F1AE4206EBDFE00467673 /* Assets.xcassets */,
				2F3F1AE6206EBDFE00467673 /* LaunchScreen.storyboard */,
				2F3F1AE9206EBDFE00467673 /* Info.plist */,
			);
			path = InteractiveExample;
			sourceTree = "<group>";
		};
		2F3F1AF1206EBDFE00467673 /* InteractiveExampleTests */ = {
			isa = PBXGroup;
			children = (
				2F3F1AF2206EBDFE00467673 /* InteractiveExampleTests.swift */,
				2F3F1AF4206EBDFE00467673 /* Info.plist */,
			);
			path = InteractiveExampleTests;
			sourceTree = "<group>";
		};
		2F515DC320712236004CD0B1 /* Frameworks */ = {
			isa = PBXGroup;
			children = (
				2F515DC420712236004CD0B1 /* Charts.framework */,
			);
			name = Frameworks;
			sourceTree = "<group>";
		};
/* End PBXGroup section */

/* Begin PBXNativeTarget section */
		2F3F1AD9206EBDFE00467673 /* InteractiveExample */ = {
			isa = PBXNativeTarget;
			buildConfigurationList = 2F3F1AF7206EBDFE00467673 /* Build configuration list for PBXNativeTarget "InteractiveExample" */;
			buildPhases = (
				2F3F1AD6206EBDFE00467673 /* Sources */,
				2F3F1AD7206EBDFE00467673 /* Frameworks */,
				2F3F1AD8206EBDFE00467673 /* Resources */,
				2F515DC62071225D004CD0B1 /* ShellScript */,
			);
			buildRules = (
			);
			dependencies = (
			);
			name = InteractiveExample;
			productName = InteractiveExample;
			productReference = 2F3F1ADA206EBDFE00467673 /* InteractiveExample.app */;
			productType = "com.apple.product-type.application";
		};
		2F3F1AED206EBDFE00467673 /* InteractiveExampleTests */ = {
			isa = PBXNativeTarget;
			buildConfigurationList = 2F3F1AFA206EBDFE00467673 /* Build configuration list for PBXNativeTarget "InteractiveExampleTests" */;
			buildPhases = (
				2F3F1AEA206EBDFE00467673 /* Sources */,
				2F3F1AEB206EBDFE00467673 /* Frameworks */,
				2F3F1AEC206EBDFE00467673 /* Resources */,
			);
			buildRules = (
			);
			dependencies = (
				2F3F1AF0206EBDFE00467673 /* PBXTargetDependency */,
			);
			name = InteractiveExampleTests;
			productName = InteractiveExampleTests;
			productReference = 2F3F1AEE206EBDFE00467673 /* InteractiveExampleTests.xctest */;
			productType = "com.apple.product-type.bundle.unit-test";
		};
/* End PBXNativeTarget section */

/* Begin PBXProject section */
		2F3F1AD2206EBDFE00467673 /* Project object */ = {
			isa = PBXProject;
			attributes = {
				LastSwiftUpdateCheck = 0920;
				LastUpgradeCheck = 0920;
				TargetAttributes = {
					2F3F1AD9206EBDFE00467673 = {
						CreatedOnToolsVersion = 9.2;
						ProvisioningStyle = Automatic;
					};
					2F3F1AED206EBDFE00467673 = {
						CreatedOnToolsVersion = 9.2;
						ProvisioningStyle = Automatic;
						TestTargetID = 2F3F1AD9206EBDFE00467673;
					};
				};
			};
			buildConfigurationList = 2F3F1AD5206EBDFE00467673 /* Build configuration list for PBXProject "InteractiveExample" */;
			compatibilityVersion = "Xcode 8.0";
			developmentRegion = en;
			hasScannedForEncodings = 0;
			knownRegions = (
				en,
				Base,
			);
			mainGroup = 2F3F1AD1206EBDFE00467673;
			productRefGroup = 2F3F1ADB206EBDFE00467673 /* Products */;
			projectDirPath = "";
			projectRoot = "";
			targets = (
				2F3F1AD9206EBDFE00467673 /* InteractiveExample */,
				2F3F1AED206EBDFE00467673 /* InteractiveExampleTests */,
			);
		};
/* End PBXProject section */

/* Begin PBXResourcesBuildPhase section */
		2F3F1AD8206EBDFE00467673 /* Resources */ = {
			isa = PBXResourcesBuildPhase;
			buildActionMask = 2147483647;
			files = (
				2F3F1AE8206EBDFE00467673 /* LaunchScreen.storyboard in Resources */,
				2F3F1AE5206EBDFE00467673 /* Assets.xcassets in Resources */,
				2F3F1AE3206EBDFE00467673 /* Main.storyboard in Resources */,
			);
			runOnlyForDeploymentPostprocessing = 0;
		};
		2F3F1AEC206EBDFE00467673 /* Resources */ = {
			isa = PBXResourcesBuildPhase;
			buildActionMask = 2147483647;
			files = (
			);
			runOnlyForDeploymentPostprocessing = 0;
		};
/* End PBXResourcesBuildPhase section */

/* Begin PBXShellScriptBuildPhase section */
		2F515DC62071225D004CD0B1 /* ShellScript */ = {
			isa = PBXShellScriptBuildPhase;
			buildActionMask = 2147483647;
			files = (
			);
			inputPaths = (
				"$(SRCROOT)/Carthage/Build/iOS/Charts.framework",
			);
			outputPaths = (
			);
			runOnlyForDeploymentPostprocessing = 0;
			shellPath = /bin/sh;
			shellScript = "/usr/local/bin/carthage copy-frameworks";
		};
/* End PBXShellScriptBuildPhase section */

/* Begin PBXSourcesBuildPhase section */
		2F3F1AD6206EBDFE00467673 /* Sources */ = {
			isa = PBXSourcesBuildPhase;
			buildActionMask = 2147483647;
			files = (
				2F515DC1206FBA2D004CD0B1 /* UIViewExtension.swift in Sources */,
				2F3F1AE0206EBDFE00467673 /* ViewController.swift in Sources */,
				2F3F1ADE206EBDFE00467673 /* AppDelegate.swift in Sources */,
				2F4E3AC02076B08A009C5BC1 /* PlantsCollectionViewCell.swift in Sources */,
				2F3D42B120712FD400FBBDE7 /* GraphAxisLabelFormatter.swift in Sources */,
			);
			runOnlyForDeploymentPostprocessing = 0;
		};
		2F3F1AEA206EBDFE00467673 /* Sources */ = {
			isa = PBXSourcesBuildPhase;
			buildActionMask = 2147483647;
			files = (
				2F3F1AF3206EBDFE00467673 /* InteractiveExampleTests.swift in Sources */,
			);
			runOnlyForDeploymentPostprocessing = 0;
		};
/* End PBXSourcesBuildPhase section */

/* Begin PBXTargetDependency section */
		2F3F1AF0206EBDFE00467673 /* PBXTargetDependency */ = {
			isa = PBXTargetDependency;
			target = 2F3F1AD9206EBDFE00467673 /* InteractiveExample */;
			targetProxy = 2F3F1AEF206EBDFE00467673 /* PBXContainerItemProxy */;
		};
/* End PBXTargetDependency section */

/* Begin PBXVariantGroup section */
		2F3F1AE1206EBDFE00467673 /* Main.storyboard */ = {
			isa = PBXVariantGroup;
			children = (
				2F3F1AE2206EBDFE00467673 /* Base */,
			);
			name = Main.storyboard;
			sourceTree = "<group>";
		};
		2F3F1AE6206EBDFE00467673 /* LaunchScreen.storyboard */ = {
			isa = PBXVariantGroup;
			children = (
				2F3F1AE7206EBDFE00467673 /* Base */,
			);
			name = LaunchScreen.storyboard;
			sourceTree = "<group>";
		};
/* End PBXVariantGroup section */

/* Begin XCBuildConfiguration section */
		2F3F1AF5206EBDFE00467673 /* Debug */ = {
			isa = XCBuildConfiguration;
			buildSettings = {
				ALWAYS_SEARCH_USER_PATHS = NO;
				CLANG_ANALYZER_NONNULL = YES;
				CLANG_ANALYZER_NUMBER_OBJECT_CONVERSION = YES_AGGRESSIVE;
				CLANG_CXX_LANGUAGE_STANDARD = "gnu++14";
				CLANG_CXX_LIBRARY = "libc++";
				CLANG_ENABLE_MODULES = YES;
				CLANG_ENABLE_OBJC_ARC = YES;
				CLANG_WARN_BLOCK_CAPTURE_AUTORELEASING = YES;
				CLANG_WARN_BOOL_CONVERSION = YES;
				CLANG_WARN_COMMA = YES;
				CLANG_WARN_CONSTANT_CONVERSION = YES;
				CLANG_WARN_DIRECT_OBJC_ISA_USAGE = YES_ERROR;
				CLANG_WARN_DOCUMENTATION_COMMENTS = YES;
				CLANG_WARN_EMPTY_BODY = YES;
				CLANG_WARN_ENUM_CONVERSION = YES;
				CLANG_WARN_INFINITE_RECURSION = YES;
				CLANG_WARN_INT_CONVERSION = YES;
				CLANG_WARN_NON_LITERAL_NULL_CONVERSION = YES;
				CLANG_WARN_OBJC_LITERAL_CONVERSION = YES;
				CLANG_WARN_OBJC_ROOT_CLASS = YES_ERROR;
				CLANG_WARN_RANGE_LOOP_ANALYSIS = YES;
				CLANG_WARN_STRICT_PROTOTYPES = YES;
				CLANG_WARN_SUSPICIOUS_MOVE = YES;
				CLANG_WARN_UNGUARDED_AVAILABILITY = YES_AGGRESSIVE;
				CLANG_WARN_UNREACHABLE_CODE = YES;
				CLANG_WARN__DUPLICATE_METHOD_MATCH = YES;
				CODE_SIGN_IDENTITY = "iPhone Developer";
				COPY_PHASE_STRIP = NO;
				DEBUG_INFORMATION_FORMAT = dwarf;
				ENABLE_STRICT_OBJC_MSGSEND = YES;
				ENABLE_TESTABILITY = YES;
				GCC_C_LANGUAGE_STANDARD = gnu11;
				GCC_DYNAMIC_NO_PIC = NO;
				GCC_NO_COMMON_BLOCKS = YES;
				GCC_OPTIMIZATION_LEVEL = 0;
				GCC_PREPROCESSOR_DEFINITIONS = (
					"DEBUG=1",
					"$(inherited)",
				);
				GCC_WARN_64_TO_32_BIT_CONVERSION = YES;
				GCC_WARN_ABOUT_RETURN_TYPE = YES_ERROR;
				GCC_WARN_UNDECLARED_SELECTOR = YES;
				GCC_WARN_UNINITIALIZED_AUTOS = YES_AGGRESSIVE;
				GCC_WARN_UNUSED_FUNCTION = YES;
				GCC_WARN_UNUSED_VARIABLE = YES;
				IPHONEOS_DEPLOYMENT_TARGET = 11.2;
				MTL_ENABLE_DEBUG_INFO = YES;
				ONLY_ACTIVE_ARCH = YES;
				SDKROOT = iphoneos;
				SWIFT_ACTIVE_COMPILATION_CONDITIONS = DEBUG;
				SWIFT_OPTIMIZATION_LEVEL = "-Onone";
			};
			name = Debug;
		};
		2F3F1AF6206EBDFE00467673 /* Release */ = {
			isa = XCBuildConfiguration;
			buildSettings = {
				ALWAYS_SEARCH_USER_PATHS = NO;
				CLANG_ANALYZER_NONNULL = YES;
				CLANG_ANALYZER_NUMBER_OBJECT_CONVERSION = YES_AGGRESSIVE;
				CLANG_CXX_LANGUAGE_STANDARD = "gnu++14";
				CLANG_CXX_LIBRARY = "libc++";
				CLANG_ENABLE_MODULES = YES;
				CLANG_ENABLE_OBJC_ARC = YES;
				CLANG_WARN_BLOCK_CAPTURE_AUTORELEASING = YES;
				CLANG_WARN_BOOL_CONVERSION = YES;
				CLANG_WARN_COMMA = YES;
				CLANG_WARN_CONSTANT_CONVERSION = YES;
				CLANG_WARN_DIRECT_OBJC_ISA_USAGE = YES_ERROR;
				CLANG_WARN_DOCUMENTATION_COMMENTS = YES;
				CLANG_WARN_EMPTY_BODY = YES;
				CLANG_WARN_ENUM_CONVERSION = YES;
				CLANG_WARN_INFINITE_RECURSION = YES;
				CLANG_WARN_INT_CONVERSION = YES;
				CLANG_WARN_NON_LITERAL_NULL_CONVERSION = YES;
				CLANG_WARN_OBJC_LITERAL_CONVERSION = YES;
				CLANG_WARN_OBJC_ROOT_CLASS = YES_ERROR;
				CLANG_WARN_RANGE_LOOP_ANALYSIS = YES;
				CLANG_WARN_STRICT_PROTOTYPES = YES;
				CLANG_WARN_SUSPICIOUS_MOVE = YES;
				CLANG_WARN_UNGUARDED_AVAILABILITY = YES_AGGRESSIVE;
				CLANG_WARN_UNREACHABLE_CODE = YES;
				CLANG_WARN__DUPLICATE_METHOD_MATCH = YES;
				CODE_SIGN_IDENTITY = "iPhone Developer";
				COPY_PHASE_STRIP = NO;
				DEBUG_INFORMATION_FORMAT = "dwarf-with-dsym";
				ENABLE_NS_ASSERTIONS = NO;
				ENABLE_STRICT_OBJC_MSGSEND = YES;
				GCC_C_LANGUAGE_STANDARD = gnu11;
				GCC_NO_COMMON_BLOCKS = YES;
				GCC_WARN_64_TO_32_BIT_CONVERSION = YES;
				GCC_WARN_ABOUT_RETURN_TYPE = YES_ERROR;
				GCC_WARN_UNDECLARED_SELECTOR = YES;
				GCC_WARN_UNINITIALIZED_AUTOS = YES_AGGRESSIVE;
				GCC_WARN_UNUSED_FUNCTION = YES;
				GCC_WARN_UNUSED_VARIABLE = YES;
				IPHONEOS_DEPLOYMENT_TARGET = 11.2;
				MTL_ENABLE_DEBUG_INFO = NO;
				SDKROOT = iphoneos;
				SWIFT_OPTIMIZATION_LEVEL = "-Owholemodule";
				VALIDATE_PRODUCT = YES;
			};
			name = Release;
		};
		2F3F1AF8206EBDFE00467673 /* Debug */ = {
			isa = XCBuildConfiguration;
			buildSettings = {
				ASSETCATALOG_COMPILER_APPICON_NAME = AppIcon;
				CODE_SIGN_STYLE = Automatic;
				FRAMEWORK_SEARCH_PATHS = (
					"$(inherited)",
					"$(PROJECT_DIR)/Carthage/Build/iOS",
				);
				INFOPLIST_FILE = InteractiveExample/Info.plist;
				LD_RUNPATH_SEARCH_PATHS = "$(inherited) @executable_path/Frameworks";
				PRODUCT_BUNDLE_IDENTIFIER = com.interactive.InteractiveExample;
				PRODUCT_NAME = "$(TARGET_NAME)";
				SWIFT_VERSION = 4.0;
				TARGETED_DEVICE_FAMILY = "1,2";
			};
			name = Debug;
		};
		2F3F1AF9206EBDFE00467673 /* Release */ = {
			isa = XCBuildConfiguration;
			buildSettings = {
				ASSETCATALOG_COMPILER_APPICON_NAME = AppIcon;
				CODE_SIGN_STYLE = Automatic;
				FRAMEWORK_SEARCH_PATHS = (
					"$(inherited)",
					"$(PROJECT_DIR)/Carthage/Build/iOS",
				);
				INFOPLIST_FILE = InteractiveExample/Info.plist;
				LD_RUNPATH_SEARCH_PATHS = "$(inherited) @executable_path/Frameworks";
				PRODUCT_BUNDLE_IDENTIFIER = com.interactive.InteractiveExample;
				PRODUCT_NAME = "$(TARGET_NAME)";
				SWIFT_VERSION = 4.0;
				TARGETED_DEVICE_FAMILY = "1,2";
			};
			name = Release;
		};
		2F3F1AFB206EBDFE00467673 /* Debug */ = {
			isa = XCBuildConfiguration;
			buildSettings = {
				ALWAYS_EMBED_SWIFT_STANDARD_LIBRARIES = YES;
				BUNDLE_LOADER = "$(TEST_HOST)";
				CODE_SIGN_STYLE = Automatic;
				INFOPLIST_FILE = InteractiveExampleTests/Info.plist;
				LD_RUNPATH_SEARCH_PATHS = "$(inherited) @executable_path/Frameworks @loader_path/Frameworks";
				PRODUCT_BUNDLE_IDENTIFIER = com.interactive.InteractiveExampleTests;
				PRODUCT_NAME = "$(TARGET_NAME)";
				SWIFT_VERSION = 4.0;
				TARGETED_DEVICE_FAMILY = "1,2";
				TEST_HOST = "$(BUILT_PRODUCTS_DIR)/InteractiveExample.app/InteractiveExample";
			};
			name = Debug;
		};
		2F3F1AFC206EBDFE00467673 /* Release */ = {
			isa = XCBuildConfiguration;
			buildSettings = {
				ALWAYS_EMBED_SWIFT_STANDARD_LIBRARIES = YES;
				BUNDLE_LOADER = "$(TEST_HOST)";
				CODE_SIGN_STYLE = Automatic;
				INFOPLIST_FILE = InteractiveExampleTests/Info.plist;
				LD_RUNPATH_SEARCH_PATHS = "$(inherited) @executable_path/Frameworks @loader_path/Frameworks";
				PRODUCT_BUNDLE_IDENTIFIER = com.interactive.InteractiveExampleTests;
				PRODUCT_NAME = "$(TARGET_NAME)";
				SWIFT_VERSION = 4.0;
				TARGETED_DEVICE_FAMILY = "1,2";
				TEST_HOST = "$(BUILT_PRODUCTS_DIR)/InteractiveExample.app/InteractiveExample";
			};
			name = Release;
		};
/* End XCBuildConfiguration section */

/* Begin XCConfigurationList section */
		2F3F1AD5206EBDFE00467673 /* Build configuration list for PBXProject "InteractiveExample" */ = {
			isa = XCConfigurationList;
			buildConfigurations = (
				2F3F1AF5206EBDFE00467673 /* Debug */,
				2F3F1AF6206EBDFE00467673 /* Release */,
			);
			defaultConfigurationIsVisible = 0;
			defaultConfigurationName = Release;
		};
		2F3F1AF7206EBDFE00467673 /* Build configuration list for PBXNativeTarget "InteractiveExample" */ = {
			isa = XCConfigurationList;
			buildConfigurations = (
				2F3F1AF8206EBDFE00467673 /* Debug */,
				2F3F1AF9206EBDFE00467673 /* Release */,
			);
			defaultConfigurationIsVisible = 0;
			defaultConfigurationName = Release;
		};
		2F3F1AFA206EBDFE00467673 /* Build configuration list for PBXNativeTarget "InteractiveExampleTests" */ = {
			isa = XCConfigurationList;
			buildConfigurations = (
				2F3F1AFB206EBDFE00467673 /* Debug */,
				2F3F1AFC206EBDFE00467673 /* Release */,
			);
			defaultConfigurationIsVisible = 0;
			defaultConfigurationName = Release;
		};
/* End XCConfigurationList section */
	};
	rootObject = 2F3F1AD2206EBDFE00467673 /* Project object */;
}
